// !$*UTF8*$!
{
	archiveVersion = 1;
	classes = {
	};
	objectVersion = 46;
	objects = {

/* Begin PBXBuildFile section */
		D804CB941BF8EB3B00B8C659 /* AppDelegate.swift in Sources */ = {isa = PBXBuildFile; fileRef = D804CB931BF8EB3B00B8C659 /* AppDelegate.swift */; };
		D804CB961BF8EB3B00B8C659 /* ViewController.swift in Sources */ = {isa = PBXBuildFile; fileRef = D804CB951BF8EB3B00B8C659 /* ViewController.swift */; };
		D804CB981BF8EB3B00B8C659 /* Assets.xcassets in Resources */ = {isa = PBXBuildFile; fileRef = D804CB971BF8EB3B00B8C659 /* Assets.xcassets */; };
		D804CB9B1BF8EB3B00B8C659 /* Main.storyboard in Resources */ = {isa = PBXBuildFile; fileRef = D804CB991BF8EB3B00B8C659 /* Main.storyboard */; };
		D804CBA61BF8EB3B00B8C659 /* StudentBookTests.swift in Sources */ = {isa = PBXBuildFile; fileRef = D804CBA51BF8EB3B00B8C659 /* StudentBookTests.swift */; };
/* End PBXBuildFile section */

/* Begin PBXContainerItemProxy section */
		D804CBA21BF8EB3B00B8C659 /* PBXContainerItemProxy */ = {
			isa = PBXContainerItemProxy;
			containerPortal = D804CB881BF8EB3B00B8C659 /* Project object */;
			proxyType = 1;
			remoteGlobalIDString = D804CB8F1BF8EB3B00B8C659;
			remoteInfo = StudentBook;
		};
/* End PBXContainerItemProxy section */

/* Begin PBXFileReference section */
		D804CB901BF8EB3B00B8C659 /* StudentBook.app */ = {isa = PBXFileReference; explicitFileType = wrapper.application; includeInIndex = 0; path = StudentBook.app; sourceTree = BUILT_PRODUCTS_DIR; };
		D804CB931BF8EB3B00B8C659 /* AppDelegate.swift */ = {isa = PBXFileReference; lastKnownFileType = sourcecode.swift; path = AppDelegate.swift; sourceTree = "<group>"; };
		D804CB951BF8EB3B00B8C659 /* ViewController.swift */ = {isa = PBXFileReference; lastKnownFileType = sourcecode.swift; path = ViewController.swift; sourceTree = "<group>"; };
		D804CB971BF8EB3B00B8C659 /* Assets.xcassets */ = {isa = PBXFileReference; lastKnownFileType = folder.assetcatalog; path = Assets.xcassets; sourceTree = "<group>"; };
		D804CB9A1BF8EB3B00B8C659 /* Base */ = {isa = PBXFileReference; lastKnownFileType = file.storyboard; name = Base; path = Base.lproj/Main.storyboard; sourceTree = "<group>"; };
		D804CB9C1BF8EB3B00B8C659 /* Info.plist */ = {isa = PBXFileReference; lastKnownFileType = text.plist.xml; path = Info.plist; sourceTree = "<group>"; };
		D804CBA11BF8EB3B00B8C659 /* StudentBookTests.xctest */ = {isa = PBXFileReference; explicitFileType = wrapper.cfbundle; includeInIndex = 0; path = StudentBookTests.xctest; sourceTree = BUILT_PRODUCTS_DIR; };
		D804CBA51BF8EB3B00B8C659 /* StudentBookTests.swift */ = {isa = PBXFileReference; lastKnownFileType = sourcecode.swift; path = StudentBookTests.swift; sourceTree = "<group>"; };
		D804CBA71BF8EB3B00B8C659 /* Info.plist */ = {isa = PBXFileReference; lastKnownFileType = text.plist.xml; path = Info.plist; sourceTree = "<group>"; };
/* End PBXFileReference section */

/* Begin PBXFrameworksBuildPhase section */
		D804CB8D1BF8EB3B00B8C659 /* Frameworks */ = {
			isa = PBXFrameworksBuildPhase;
			buildActionMask = 2147483647;
			files = (
			);
			runOnlyForDeploymentPostprocessing = 0;
		};
		D804CB9E1BF8EB3B00B8C659 /* Frameworks */ = {
			isa = PBXFrameworksBuildPhase;
			buildActionMask = 2147483647;
			files = (
			);
			runOnlyForDeploymentPostprocessing = 0;
		};
/* End PBXFrameworksBuildPhase section */

/* Begin PBXGroup section */
		D804CB871BF8EB3B00B8C659 = {
			isa = PBXGroup;
			children = (
				D804CB921BF8EB3B00B8C659 /* StudentBook */,
				D804CBA41BF8EB3B00B8C659 /* StudentBookTests */,
				D804CB911BF8EB3B00B8C659 /* Products */,
			);
			sourceTree = "<group>";
		};
		D804CB911BF8EB3B00B8C659 /* Products */ = {
			isa = PBXGroup;
			children = (
				D804CB901BF8EB3B00B8C659 /* StudentBook.app */,
				D804CBA11BF8EB3B00B8C659 /* StudentBookTests.xctest */,
			);
			name = Products;
			sourceTree = "<group>";
		};
		D804CB921BF8EB3B00B8C659 /* StudentBook */ = {
			isa = PBXGroup;
			children = (
				D804CB931BF8EB3B00B8C659 /* AppDelegate.swift */,
				D804CB951BF8EB3B00B8C659 /* ViewController.swift */,
				D804CB971BF8EB3B00B8C659 /* Assets.xcassets */,
				D804CB991BF8EB3B00B8C659 /* Main.storyboard */,
				D804CB9C1BF8EB3B00B8C659 /* Info.plist */,
			);
			path = StudentBook;
			sourceTree = "<group>";
		};
		D804CBA41BF8EB3B00B8C659 /* StudentBookTests */ = {
			isa = PBXGroup;
			children = (
				D804CBA51BF8EB3B00B8C659 /* StudentBookTests.swift */,
				D804CBA71BF8EB3B00B8C659 /* Info.plist */,
			);
			path = StudentBookTests;
			sourceTree = "<group>";
		};
/* End PBXGroup section */

/* Begin PBXNativeTarget section */
		D804CB8F1BF8EB3B00B8C659 /* StudentBook */ = {
			isa = PBXNativeTarget;
			buildConfigurationList = D804CBAA1BF8EB3B00B8C659 /* Build configuration list for PBXNativeTarget "StudentBook" */;
			buildPhases = (
				D804CB8C1BF8EB3B00B8C659 /* Sources */,
				D804CB8D1BF8EB3B00B8C659 /* Frameworks */,
				D804CB8E1BF8EB3B00B8C659 /* Resources */,
			);
			buildRules = (
			);
			dependencies = (
			);
			name = StudentBook;
			productName = StudentBook;
			productReference = D804CB901BF8EB3B00B8C659 /* StudentBook.app */;
			productType = "com.apple.product-type.application";
		};
		D804CBA01BF8EB3B00B8C659 /* StudentBookTests */ = {
			isa = PBXNativeTarget;
			buildConfigurationList = D804CBAD1BF8EB3B00B8C659 /* Build configuration list for PBXNativeTarget "StudentBookTests" */;
			buildPhases = (
				D804CB9D1BF8EB3B00B8C659 /* Sources */,
				D804CB9E1BF8EB3B00B8C659 /* Frameworks */,
				D804CB9F1BF8EB3B00B8C659 /* Resources */,
			);
			buildRules = (
			);
			dependencies = (
				D804CBA31BF8EB3B00B8C659 /* PBXTargetDependency */,
			);
			name = StudentBookTests;
			productName = StudentBookTests;
			productReference = D804CBA11BF8EB3B00B8C659 /* StudentBookTests.xctest */;
			productType = "com.apple.product-type.bundle.unit-test";
		};
/* End PBXNativeTarget section */

/* Begin PBXProject section */
		D804CB881BF8EB3B00B8C659 /* Project object */ = {
			isa = PBXProject;
			attributes = {
				LastSwiftUpdateCheck = 0710;
				LastUpgradeCheck = 0710;
				ORGANIZATIONNAME = "Sahand Nayebaziz";
				TargetAttributes = {
					D804CB8F1BF8EB3B00B8C659 = {
						CreatedOnToolsVersion = 7.1.1;
					};
					D804CBA01BF8EB3B00B8C659 = {
						CreatedOnToolsVersion = 7.1.1;
						TestTargetID = D804CB8F1BF8EB3B00B8C659;
					};
				};
			};
			buildConfigurationList = D804CB8B1BF8EB3B00B8C659 /* Build configuration list for PBXProject "StudentBook" */;
			compatibilityVersion = "Xcode 3.2";
			developmentRegion = English;
			hasScannedForEncodings = 0;
			knownRegions = (
				en,
				Base,
			);
			mainGroup = D804CB871BF8EB3B00B8C659;
			productRefGroup = D804CB911BF8EB3B00B8C659 /* Products */;
			projectDirPath = "";
			projectRoot = "";
			targets = (
				D804CB8F1BF8EB3B00B8C659 /* StudentBook */,
				D804CBA01BF8EB3B00B8C659 /* StudentBookTests */,
			);
		};
/* End PBXProject section */

/* Begin PBXResourcesBuildPhase section */
		D804CB8E1BF8EB3B00B8C659 /* Resources */ = {
			isa = PBXResourcesBuildPhase;
			buildActionMask = 2147483647;
			files = (
				D804CB981BF8EB3B00B8C659 /* Assets.xcassets in Resources */,
				D804CB9B1BF8EB3B00B8C659 /* Main.storyboard in Resources */,
			);
			runOnlyForDeploymentPostprocessing = 0;
		};
		D804CB9F1BF8EB3B00B8C659 /* Resources */ = {
			isa = PBXResourcesBuildPhase;
			buildActionMask = 2147483647;
			files = (
			);
			runOnlyForDeploymentPostprocessing = 0;
		};
/* End PBXResourcesBuildPhase section */

/* Begin PBXSourcesBuildPhase section */
		D804CB8C1BF8EB3B00B8C659 /* Sources */ = {
			isa = PBXSourcesBuildPhase;
			buildActionMask = 2147483647;
			files = (
				D804CB961BF8EB3B00B8C659 /* ViewController.swift in Sources */,
				D804CB941BF8EB3B00B8C659 /* AppDelegate.swift in Sources */,
			);
			runOnlyForDeploymentPostprocessing = 0;
		};
		D804CB9D1BF8EB3B00B8C659 /* Sources */ = {
			isa = PBXSourcesBuildPhase;
			buildActionMask = 2147483647;
			files = (
				D804CBA61BF8EB3B00B8C659 /* StudentBookTests.swift in Sources */,
			);
			runOnlyForDeploymentPostprocessing = 0;
		};
/* End PBXSourcesBuildPhase section */

/* Begin PBXTargetDependency section */
		D804CBA31BF8EB3B00B8C659 /* PBXTargetDependency */ = {
			isa = PBXTargetDependency;
			target = D804CB8F1BF8EB3B00B8C659 /* StudentBook */;
			targetProxy = D804CBA21BF8EB3B00B8C659 /* PBXContainerItemProxy */;
		};
/* End PBXTargetDependency section */

/* Begin PBXVariantGroup section */
		D804CB991BF8EB3B00B8C659 /* Main.storyboard */ = {
			isa = PBXVariantGroup;
			children = (
				D804CB9A1BF8EB3B00B8C659 /* Base */,
			);
			name = Main.storyboard;
			sourceTree = "<group>";
		};
/* End PBXVariantGroup section */

/* Begin XCBuildConfiguration section */
		D804CBA81BF8EB3B00B8C659 /* Debug */ = {
			isa = XCBuildConfiguration;
			buildSettings = {
				ALWAYS_SEARCH_USER_PATHS = NO;
				CLANG_CXX_LANGUAGE_STANDARD = "gnu++0x";
				CLANG_CXX_LIBRARY = "libc++";
				CLANG_ENABLE_MODULES = YES;
				CLANG_ENABLE_OBJC_ARC = YES;
				CLANG_WARN_BOOL_CONVERSION = YES;
				CLANG_WARN_CONSTANT_CONVERSION = YES;
				CLANG_WARN_DIRECT_OBJC_ISA_USAGE = YES_ERROR;
				CLANG_WARN_EMPTY_BODY = YES;
				CLANG_WARN_ENUM_CONVERSION = YES;
				CLANG_WARN_INT_CONVERSION = YES;
				CLANG_WARN_OBJC_ROOT_CLASS = YES_ERROR;
				CLANG_WARN_UNREACHABLE_CODE = YES;
				CLANG_WARN__DUPLICATE_METHOD_MATCH = YES;
				CODE_SIGN_IDENTITY = "-";
				COPY_PHASE_STRIP = NO;
				DEBUG_INFORMATION_FORMAT = dwarf;
				ENABLE_STRICT_OBJC_MSGSEND = YES;
				ENABLE_TESTABILITY = YES;
				GCC_C_LANGUAGE_STANDARD = gnu99;
				GCC_DYNAMIC_NO_PIC = NO;
				GCC_NO_COMMON_BLOCKS = YES;
				GCC_OPTIMIZATION_LEVEL = 0;
				GCC_PREPROCESSOR_DEFINITIONS = (
					"DEBUG=1",
					"$(inherited)",
				);
				GCC_WARN_64_TO_32_BIT_CONVERSION = YES;
				GCC_WARN_ABOUT_RETURN_TYPE = YES_ERROR;
				GCC_WARN_UNDECLARED_SELECTOR = YES;
				GCC_WARN_UNINITIALIZED_AUTOS = YES_AGGRESSIVE;
				GCC_WARN_UNUSED_FUNCTION = YES;
				GCC_WARN_UNUSED_VARIABLE = YES;
				MACOSX_DEPLOYMENT_TARGET = 10.11;
				MTL_ENABLE_DEBUG_INFO = YES;
				ONLY_ACTIVE_ARCH = YES;
				SDKROOT = macosx;
				SWIFT_OPTIMIZATION_LEVEL = "-Onone";
			};
			name = Debug;
		};
		D804CBA91BF8EB3B00B8C659 /* Release */ = {
			isa = XCBuildConfiguration;
			buildSettings = {
				ALWAYS_SEARCH_USER_PATHS = NO;
				CLANG_CXX_LANGUAGE_STANDARD = "gnu++0x";
				CLANG_CXX_LIBRARY = "libc++";
				CLANG_ENABLE_MODULES = YES;
				CLANG_ENABLE_OBJC_ARC = YES;
				CLANG_WARN_BOOL_CONVERSION = YES;
				CLANG_WARN_CONSTANT_CONVERSION = YES;
				CLANG_WARN_DIRECT_OBJC_ISA_USAGE = YES_ERROR;
				CLANG_WARN_EMPTY_BODY = YES;
				CLANG_WARN_ENUM_CONVERSION = YES;
				CLANG_WARN_INT_CONVERSION = YES;
				CLANG_WARN_OBJC_ROOT_CLASS = YES_ERROR;
				CLANG_WARN_UNREACHABLE_CODE = YES;
				CLANG_WARN__DUPLICATE_METHOD_MATCH = YES;
				CODE_SIGN_IDENTITY = "-";
				COPY_PHASE_STRIP = NO;
				DEBUG_INFORMATION_FORMAT = "dwarf-with-dsym";
				ENABLE_NS_ASSERTIONS = NO;
				ENABLE_STRICT_OBJC_MSGSEND = YES;
				GCC_C_LANGUAGE_STANDARD = gnu99;
				GCC_NO_COMMON_BLOCKS = YES;
				GCC_WARN_64_TO_32_BIT_CONVERSION = YES;
				GCC_WARN_ABOUT_RETURN_TYPE = YES_ERROR;
				GCC_WARN_UNDECLARED_SELECTOR = YES;
				GCC_WARN_UNINITIALIZED_AUTOS = YES_AGGRESSIVE;
				GCC_WARN_UNUSED_FUNCTION = YES;
				GCC_WARN_UNUSED_VARIABLE = YES;
				MACOSX_DEPLOYMENT_TARGET = 10.11;
				MTL_ENABLE_DEBUG_INFO = NO;
				SDKROOT = macosx;
			};
			name = Release;
		};
		D804CBAB1BF8EB3B00B8C659 /* Debug */ = {
			isa = XCBuildConfiguration;
			buildSettings = {
				ASSETCATALOG_COMPILER_APPICON_NAME = AppIcon;
				COMBINE_HIDPI_IMAGES = YES;
				INFOPLIST_FILE = StudentBook/Info.plist;
				LD_RUNPATH_SEARCH_PATHS = "$(inherited) @executable_path/../Frameworks";
				PRODUCT_BUNDLE_IDENTIFIER = me.sahand.StudentBook;
				PRODUCT_NAME = "$(TARGET_NAME)";
			};
			name = Debug;
		};
		D804CBAC1BF8EB3B00B8C659 /* Release */ = {
			isa = XCBuildConfiguration;
			buildSettings = {
				ASSETCATALOG_COMPILER_APPICON_NAME = AppIcon;
				COMBINE_HIDPI_IMAGES = YES;
				INFOPLIST_FILE = StudentBook/Info.plist;
				LD_RUNPATH_SEARCH_PATHS = "$(inherited) @executable_path/../Frameworks";
				PRODUCT_BUNDLE_IDENTIFIER = me.sahand.StudentBook;
				PRODUCT_NAME = "$(TARGET_NAME)";
			};
			name = Release;
		};
		D804CBAE1BF8EB3B00B8C659 /* Debug */ = {
			isa = XCBuildConfiguration;
			buildSettings = {
				BUNDLE_LOADER = "$(TEST_HOST)";
				COMBINE_HIDPI_IMAGES = YES;
				INFOPLIST_FILE = StudentBookTests/Info.plist;
				LD_RUNPATH_SEARCH_PATHS = "$(inherited) @executable_path/../Frameworks @loader_path/../Frameworks";
				PRODUCT_BUNDLE_IDENTIFIER = me.sahand.StudentBookTests;
				PRODUCT_NAME = "$(TARGET_NAME)";
				TEST_HOST = "$(BUILT_PRODUCTS_DIR)/StudentBook.app/Contents/MacOS/StudentBook";
			};
			name = Debug;
		};
		D804CBAF1BF8EB3B00B8C659 /* Release */ = {
			isa = XCBuildConfiguration;
			buildSettings = {
				BUNDLE_LOADER = "$(TEST_HOST)";
				COMBINE_HIDPI_IMAGES = YES;
				INFOPLIST_FILE = StudentBookTests/Info.plist;
				LD_RUNPATH_SEARCH_PATHS = "$(inherited) @executable_path/../Frameworks @loader_path/../Frameworks";
				PRODUCT_BUNDLE_IDENTIFIER = me.sahand.StudentBookTests;
				PRODUCT_NAME = "$(TARGET_NAME)";
				TEST_HOST = "$(BUILT_PRODUCTS_DIR)/StudentBook.app/Contents/MacOS/StudentBook";
			};
			name = Release;
		};
/* End XCBuildConfiguration section */

/* Begin XCConfigurationList section */
		D804CB8B1BF8EB3B00B8C659 /* Build configuration list for PBXProject "StudentBook" */ = {
			isa = XCConfigurationList;
			buildConfigurations = (
				D804CBA81BF8EB3B00B8C659 /* Debug */,
				D804CBA91BF8EB3B00B8C659 /* Release */,
			);
			defaultConfigurationIsVisible = 0;
			defaultConfigurationName = Release;
		};
		D804CBAA1BF8EB3B00B8C659 /* Build configuration list for PBXNativeTarget "StudentBook" */ = {
			isa = XCConfigurationList;
			buildConfigurations = (
				D804CBAB1BF8EB3B00B8C659 /* Debug */,
				D804CBAC1BF8EB3B00B8C659 /* Release */,
			);
			defaultConfigurationIsVisible = 0;
		};
		D804CBAD1BF8EB3B00B8C659 /* Build configuration list for PBXNativeTarget "StudentBookTests" */ = {
			isa = XCConfigurationList;
			buildConfigurations = (
				D804CBAE1BF8EB3B00B8C659 /* Debug */,
				D804CBAF1BF8EB3B00B8C659 /* Release */,
			);
			defaultConfigurationIsVisible = 0;
		};
/* End XCConfigurationList section */
	};
	rootObject = D804CB881BF8EB3B00B8C659 /* Project object */;
}
