// !$*UTF8*$!
{
	archiveVersion = 1;
	classes = {
	};
	objectVersion = 46;
	objects = {

/* Begin PBXBuildFile section */
		3C5A85DC2C92F481127906CE /* Pods_StudentBook.framework in Frameworks */ = {isa = PBXBuildFile; fileRef = 05523ED42557DDF156AA2CB8 /* Pods_StudentBook.framework */; };
		D804CB941BF8EB3B00B8C659 /* AppDelegate.swift in Sources */ = {isa = PBXBuildFile; fileRef = D804CB931BF8EB3B00B8C659 /* AppDelegate.swift */; };
		D804CB961BF8EB3B00B8C659 /* ViewController.swift in Sources */ = {isa = PBXBuildFile; fileRef = D804CB951BF8EB3B00B8C659 /* ViewController.swift */; };
		D804CB981BF8EB3B00B8C659 /* Assets.xcassets in Resources */ = {isa = PBXBuildFile; fileRef = D804CB971BF8EB3B00B8C659 /* Assets.xcassets */; };
		D804CB9B1BF8EB3B00B8C659 /* Main.storyboard in Resources */ = {isa = PBXBuildFile; fileRef = D804CB991BF8EB3B00B8C659 /* Main.storyboard */; };
		D804CBA61BF8EB3B00B8C659 /* StudentBookTests.swift in Sources */ = {isa = PBXBuildFile; fileRef = D804CBA51BF8EB3B00B8C659 /* StudentBookTests.swift */; };
		D8437E221C064B6600EF7DBA /* StudentHeaderView.swift in Sources */ = {isa = PBXBuildFile; fileRef = D8437E201C064B6600EF7DBA /* StudentHeaderView.swift */; };
		D8437E231C064B6600EF7DBA /* StudentHeaderView.xib in Resources */ = {isa = PBXBuildFile; fileRef = D8437E211C064B6600EF7DBA /* StudentHeaderView.xib */; };
		D8437E261C064B9500EF7DBA /* StudentPeriodSummaryView.swift in Sources */ = {isa = PBXBuildFile; fileRef = D8437E241C064B9500EF7DBA /* StudentPeriodSummaryView.swift */; };
		D8437E271C064B9500EF7DBA /* StudentPeriodSummaryView.xib in Resources */ = {isa = PBXBuildFile; fileRef = D8437E251C064B9500EF7DBA /* StudentPeriodSummaryView.xib */; };
		D8437E2A1C064BA500EF7DBA /* StudentPeriodSummaryBlock.swift in Sources */ = {isa = PBXBuildFile; fileRef = D8437E281C064BA500EF7DBA /* StudentPeriodSummaryBlock.swift */; };
		D8437E2B1C064BA500EF7DBA /* StudentPeriodSummaryBlock.xib in Resources */ = {isa = PBXBuildFile; fileRef = D8437E291C064BA500EF7DBA /* StudentPeriodSummaryBlock.xib */; };
		D8437E2D1C06538000EF7DBA /* String.swift in Sources */ = {isa = PBXBuildFile; fileRef = D8437E2C1C06538000EF7DBA /* String.swift */; };
		D852A0D31C05154100C4720C /* StudentsTableViewDataSource.swift in Sources */ = {isa = PBXBuildFile; fileRef = D852A0D21C05154100C4720C /* StudentsTableViewDataSource.swift */; };
		D852A0D51C05157600C4720C /* StudentsTableViewDelegate.swift in Sources */ = {isa = PBXBuildFile; fileRef = D852A0D41C05157600C4720C /* StudentsTableViewDelegate.swift */; };
		D852A0DE1C0527FF00C4720C /* StudentsTableViewRow.swift in Sources */ = {isa = PBXBuildFile; fileRef = D852A0DC1C0527FF00C4720C /* StudentsTableViewRow.swift */; };
		D852A0DF1C0527FF00C4720C /* StudentsTableViewRow.xib in Resources */ = {isa = PBXBuildFile; fileRef = D852A0DD1C0527FF00C4720C /* StudentsTableViewRow.xib */; };
		D85C8D171C04F3B400F3F993 /* MainWindowController.swift in Sources */ = {isa = PBXBuildFile; fileRef = D85C8D151C04F3B400F3F993 /* MainWindowController.swift */; };
		D85C8D181C04F3B400F3F993 /* MainWindowController.xib in Resources */ = {isa = PBXBuildFile; fileRef = D85C8D161C04F3B400F3F993 /* MainWindowController.xib */; };
		D85C8D251C0504A400F3F993 /* NSView.swift in Sources */ = {isa = PBXBuildFile; fileRef = D85C8D241C0504A400F3F993 /* NSView.swift */; };
		D85C8D2A1C05061800F3F993 /* StudentsTableViewViewController.swift in Sources */ = {isa = PBXBuildFile; fileRef = D85C8D281C05061800F3F993 /* StudentsTableViewViewController.swift */; };
		D85C8D2B1C05061800F3F993 /* StudentsTableViewViewController.xib in Resources */ = {isa = PBXBuildFile; fileRef = D85C8D291C05061800F3F993 /* StudentsTableViewViewController.xib */; };
		D85C8D2E1C050A1800F3F993 /* MainContainerSplitViewController.swift in Sources */ = {isa = PBXBuildFile; fileRef = D85C8D2C1C050A1800F3F993 /* MainContainerSplitViewController.swift */; };
		D85C8D2F1C050A1800F3F993 /* MainContainerSplitViewController.xib in Resources */ = {isa = PBXBuildFile; fileRef = D85C8D2D1C050A1800F3F993 /* MainContainerSplitViewController.xib */; };
		D85C8D321C050E5200F3F993 /* SidebarViewController.swift in Sources */ = {isa = PBXBuildFile; fileRef = D85C8D301C050E5200F3F993 /* SidebarViewController.swift */; };
		D85C8D331C050E5200F3F993 /* SidebarViewController.xib in Resources */ = {isa = PBXBuildFile; fileRef = D85C8D311C050E5200F3F993 /* SidebarViewController.xib */; };
		D85C8D361C050EEA00F3F993 /* MainViewController.swift in Sources */ = {isa = PBXBuildFile; fileRef = D85C8D341C050EEA00F3F993 /* MainViewController.swift */; };
		D85C8D371C050EEA00F3F993 /* MainViewController.xib in Resources */ = {isa = PBXBuildFile; fileRef = D85C8D351C050EEA00F3F993 /* MainViewController.xib */; };
		D87F56281BF915C500491092 /* Student.swift in Sources */ = {isa = PBXBuildFile; fileRef = D87F56271BF915C500491092 /* Student.swift */; };
		D87F562A1BF915DB00491092 /* ScheduleItem.swift in Sources */ = {isa = PBXBuildFile; fileRef = D87F56291BF915DB00491092 /* ScheduleItem.swift */; };
		D87F562E1BF916A500491092 /* StudentBody.swift in Sources */ = {isa = PBXBuildFile; fileRef = D87F562D1BF916A500491092 /* StudentBody.swift */; };
		D87F56301BF9189F00491092 /* threading.swift in Sources */ = {isa = PBXBuildFile; fileRef = D87F562F1BF9189F00491092 /* threading.swift */; };
		D87F56321BF924EE00491092 /* SBNotifications.swift in Sources */ = {isa = PBXBuildFile; fileRef = D87F56311BF924EE00491092 /* SBNotifications.swift */; };
		D88114171C052FEB00C6E10C /* SBDataSilo.swift in Sources */ = {isa = PBXBuildFile; fileRef = D88114161C052FEB00C6E10C /* SBDataSilo.swift */; };
		D88114211C06221F00C6E10C /* NSLabel.swift in Sources */ = {isa = PBXBuildFile; fileRef = D88114201C06221F00C6E10C /* NSLabel.swift */; };
		D886DFF81BF8F6A100D9648D /* StreamReader.swift in Sources */ = {isa = PBXBuildFile; fileRef = D886DFF71BF8F6A100D9648D /* StreamReader.swift */; };
		D886DFFA1BF8F82B00D9648D /* CSVReader.swift in Sources */ = {isa = PBXBuildFile; fileRef = D886DFF91BF8F82B00D9648D /* CSVReader.swift */; };
		D886DFFF1BF910AA00D9648D /* AppRequestDelegate.swift in Sources */ = {isa = PBXBuildFile; fileRef = D886DFFE1BF910AA00D9648D /* AppRequestDelegate.swift */; };
		D888C0F01BF8F3240089DD55 /* DarkNSWindowController.swift in Sources */ = {isa = PBXBuildFile; fileRef = D888C0EF1BF8F3240089DD55 /* DarkNSWindowController.swift */; };
/* End PBXBuildFile section */

/* Begin PBXContainerItemProxy section */
		D804CBA21BF8EB3B00B8C659 /* PBXContainerItemProxy */ = {
			isa = PBXContainerItemProxy;
			containerPortal = D804CB881BF8EB3B00B8C659 /* Project object */;
			proxyType = 1;
			remoteGlobalIDString = D804CB8F1BF8EB3B00B8C659;
			remoteInfo = StudentBook;
		};
/* End PBXContainerItemProxy section */

/* Begin PBXFileReference section */
		05523ED42557DDF156AA2CB8 /* Pods_StudentBook.framework */ = {isa = PBXFileReference; explicitFileType = wrapper.framework; includeInIndex = 0; path = Pods_StudentBook.framework; sourceTree = BUILT_PRODUCTS_DIR; };
		3E49A5BBEEF311096BFE843A /* Pods-StudentBook.release.xcconfig */ = {isa = PBXFileReference; includeInIndex = 1; lastKnownFileType = text.xcconfig; name = "Pods-StudentBook.release.xcconfig"; path = "Pods/Target Support Files/Pods-StudentBook/Pods-StudentBook.release.xcconfig"; sourceTree = "<group>"; };
		A464A7F858C71844965A820F /* Pods-StudentBook.debug.xcconfig */ = {isa = PBXFileReference; includeInIndex = 1; lastKnownFileType = text.xcconfig; name = "Pods-StudentBook.debug.xcconfig"; path = "Pods/Target Support Files/Pods-StudentBook/Pods-StudentBook.debug.xcconfig"; sourceTree = "<group>"; };
		D804CB901BF8EB3B00B8C659 /* StudentBook.app */ = {isa = PBXFileReference; explicitFileType = wrapper.application; includeInIndex = 0; path = StudentBook.app; sourceTree = BUILT_PRODUCTS_DIR; };
		D804CB931BF8EB3B00B8C659 /* AppDelegate.swift */ = {isa = PBXFileReference; lastKnownFileType = sourcecode.swift; path = AppDelegate.swift; sourceTree = "<group>"; };
		D804CB951BF8EB3B00B8C659 /* ViewController.swift */ = {isa = PBXFileReference; lastKnownFileType = sourcecode.swift; path = ViewController.swift; sourceTree = "<group>"; };
		D804CB971BF8EB3B00B8C659 /* Assets.xcassets */ = {isa = PBXFileReference; lastKnownFileType = folder.assetcatalog; path = Assets.xcassets; sourceTree = "<group>"; };
		D804CB9A1BF8EB3B00B8C659 /* Base */ = {isa = PBXFileReference; lastKnownFileType = file.storyboard; name = Base; path = Base.lproj/Main.storyboard; sourceTree = "<group>"; };
		D804CB9C1BF8EB3B00B8C659 /* Info.plist */ = {isa = PBXFileReference; lastKnownFileType = text.plist.xml; path = Info.plist; sourceTree = "<group>"; };
		D804CBA11BF8EB3B00B8C659 /* StudentBookTests.xctest */ = {isa = PBXFileReference; explicitFileType = wrapper.cfbundle; includeInIndex = 0; path = StudentBookTests.xctest; sourceTree = BUILT_PRODUCTS_DIR; };
		D804CBA51BF8EB3B00B8C659 /* StudentBookTests.swift */ = {isa = PBXFileReference; lastKnownFileType = sourcecode.swift; path = StudentBookTests.swift; sourceTree = "<group>"; };
		D804CBA71BF8EB3B00B8C659 /* Info.plist */ = {isa = PBXFileReference; lastKnownFileType = text.plist.xml; path = Info.plist; sourceTree = "<group>"; };
		D8437E201C064B6600EF7DBA /* StudentHeaderView.swift */ = {isa = PBXFileReference; fileEncoding = 4; lastKnownFileType = sourcecode.swift; path = StudentHeaderView.swift; sourceTree = "<group>"; };
		D8437E211C064B6600EF7DBA /* StudentHeaderView.xib */ = {isa = PBXFileReference; fileEncoding = 4; lastKnownFileType = file.xib; path = StudentHeaderView.xib; sourceTree = "<group>"; };
		D8437E241C064B9500EF7DBA /* StudentPeriodSummaryView.swift */ = {isa = PBXFileReference; fileEncoding = 4; lastKnownFileType = sourcecode.swift; path = StudentPeriodSummaryView.swift; sourceTree = "<group>"; };
		D8437E251C064B9500EF7DBA /* StudentPeriodSummaryView.xib */ = {isa = PBXFileReference; fileEncoding = 4; lastKnownFileType = file.xib; path = StudentPeriodSummaryView.xib; sourceTree = "<group>"; };
		D8437E281C064BA500EF7DBA /* StudentPeriodSummaryBlock.swift */ = {isa = PBXFileReference; fileEncoding = 4; lastKnownFileType = sourcecode.swift; path = StudentPeriodSummaryBlock.swift; sourceTree = "<group>"; };
		D8437E291C064BA500EF7DBA /* StudentPeriodSummaryBlock.xib */ = {isa = PBXFileReference; fileEncoding = 4; lastKnownFileType = file.xib; path = StudentPeriodSummaryBlock.xib; sourceTree = "<group>"; };
		D8437E2C1C06538000EF7DBA /* String.swift */ = {isa = PBXFileReference; fileEncoding = 4; lastKnownFileType = sourcecode.swift; path = String.swift; sourceTree = "<group>"; };
		D852A0D21C05154100C4720C /* StudentsTableViewDataSource.swift */ = {isa = PBXFileReference; fileEncoding = 4; lastKnownFileType = sourcecode.swift; path = StudentsTableViewDataSource.swift; sourceTree = "<group>"; };
		D852A0D41C05157600C4720C /* StudentsTableViewDelegate.swift */ = {isa = PBXFileReference; fileEncoding = 4; lastKnownFileType = sourcecode.swift; path = StudentsTableViewDelegate.swift; sourceTree = "<group>"; };
		D852A0DC1C0527FF00C4720C /* StudentsTableViewRow.swift */ = {isa = PBXFileReference; fileEncoding = 4; lastKnownFileType = sourcecode.swift; path = StudentsTableViewRow.swift; sourceTree = "<group>"; };
		D852A0DD1C0527FF00C4720C /* StudentsTableViewRow.xib */ = {isa = PBXFileReference; fileEncoding = 4; lastKnownFileType = file.xib; path = StudentsTableViewRow.xib; sourceTree = "<group>"; };
		D85C8D151C04F3B400F3F993 /* MainWindowController.swift */ = {isa = PBXFileReference; fileEncoding = 4; lastKnownFileType = sourcecode.swift; path = MainWindowController.swift; sourceTree = "<group>"; };
		D85C8D161C04F3B400F3F993 /* MainWindowController.xib */ = {isa = PBXFileReference; fileEncoding = 4; lastKnownFileType = file.xib; path = MainWindowController.xib; sourceTree = "<group>"; };
		D85C8D241C0504A400F3F993 /* NSView.swift */ = {isa = PBXFileReference; fileEncoding = 4; lastKnownFileType = sourcecode.swift; path = NSView.swift; sourceTree = "<group>"; };
		D85C8D281C05061800F3F993 /* StudentsTableViewViewController.swift */ = {isa = PBXFileReference; fileEncoding = 4; lastKnownFileType = sourcecode.swift; path = StudentsTableViewViewController.swift; sourceTree = "<group>"; };
		D85C8D291C05061800F3F993 /* StudentsTableViewViewController.xib */ = {isa = PBXFileReference; fileEncoding = 4; lastKnownFileType = file.xib; path = StudentsTableViewViewController.xib; sourceTree = "<group>"; };
		D85C8D2C1C050A1800F3F993 /* MainContainerSplitViewController.swift */ = {isa = PBXFileReference; fileEncoding = 4; lastKnownFileType = sourcecode.swift; path = MainContainerSplitViewController.swift; sourceTree = "<group>"; };
		D85C8D2D1C050A1800F3F993 /* MainContainerSplitViewController.xib */ = {isa = PBXFileReference; fileEncoding = 4; lastKnownFileType = file.xib; path = MainContainerSplitViewController.xib; sourceTree = "<group>"; };
		D85C8D301C050E5200F3F993 /* SidebarViewController.swift */ = {isa = PBXFileReference; fileEncoding = 4; lastKnownFileType = sourcecode.swift; path = SidebarViewController.swift; sourceTree = "<group>"; };
		D85C8D311C050E5200F3F993 /* SidebarViewController.xib */ = {isa = PBXFileReference; fileEncoding = 4; lastKnownFileType = file.xib; path = SidebarViewController.xib; sourceTree = "<group>"; };
		D85C8D341C050EEA00F3F993 /* MainViewController.swift */ = {isa = PBXFileReference; fileEncoding = 4; lastKnownFileType = sourcecode.swift; path = MainViewController.swift; sourceTree = "<group>"; };
		D85C8D351C050EEA00F3F993 /* MainViewController.xib */ = {isa = PBXFileReference; fileEncoding = 4; lastKnownFileType = file.xib; path = MainViewController.xib; sourceTree = "<group>"; };
		D87F56271BF915C500491092 /* Student.swift */ = {isa = PBXFileReference; fileEncoding = 4; lastKnownFileType = sourcecode.swift; path = Student.swift; sourceTree = "<group>"; };
		D87F56291BF915DB00491092 /* ScheduleItem.swift */ = {isa = PBXFileReference; fileEncoding = 4; lastKnownFileType = sourcecode.swift; path = ScheduleItem.swift; sourceTree = "<group>"; };
		D87F562D1BF916A500491092 /* StudentBody.swift */ = {isa = PBXFileReference; fileEncoding = 4; lastKnownFileType = sourcecode.swift; path = StudentBody.swift; sourceTree = "<group>"; };
		D87F562F1BF9189F00491092 /* threading.swift */ = {isa = PBXFileReference; fileEncoding = 4; lastKnownFileType = sourcecode.swift; path = threading.swift; sourceTree = "<group>"; };
		D87F56311BF924EE00491092 /* SBNotifications.swift */ = {isa = PBXFileReference; fileEncoding = 4; lastKnownFileType = sourcecode.swift; path = SBNotifications.swift; sourceTree = "<group>"; };
		D88114161C052FEB00C6E10C /* SBDataSilo.swift */ = {isa = PBXFileReference; fileEncoding = 4; lastKnownFileType = sourcecode.swift; path = SBDataSilo.swift; sourceTree = "<group>"; };
		D88114201C06221F00C6E10C /* NSLabel.swift */ = {isa = PBXFileReference; fileEncoding = 4; lastKnownFileType = sourcecode.swift; path = NSLabel.swift; sourceTree = "<group>"; };
		D886DFF71BF8F6A100D9648D /* StreamReader.swift */ = {isa = PBXFileReference; fileEncoding = 4; lastKnownFileType = sourcecode.swift; path = StreamReader.swift; sourceTree = "<group>"; };
		D886DFF91BF8F82B00D9648D /* CSVReader.swift */ = {isa = PBXFileReference; fileEncoding = 4; lastKnownFileType = sourcecode.swift; path = CSVReader.swift; sourceTree = "<group>"; };
		D886DFFE1BF910AA00D9648D /* AppRequestDelegate.swift */ = {isa = PBXFileReference; fileEncoding = 4; lastKnownFileType = sourcecode.swift; path = AppRequestDelegate.swift; sourceTree = "<group>"; };
		D888C0EF1BF8F3240089DD55 /* DarkNSWindowController.swift */ = {isa = PBXFileReference; fileEncoding = 4; lastKnownFileType = sourcecode.swift; path = DarkNSWindowController.swift; sourceTree = "<group>"; };
/* End PBXFileReference section */

/* Begin PBXFrameworksBuildPhase section */
		D804CB8D1BF8EB3B00B8C659 /* Frameworks */ = {
			isa = PBXFrameworksBuildPhase;
			buildActionMask = 2147483647;
			files = (
				3C5A85DC2C92F481127906CE /* Pods_StudentBook.framework in Frameworks */,
			);
			runOnlyForDeploymentPostprocessing = 0;
		};
		D804CB9E1BF8EB3B00B8C659 /* Frameworks */ = {
			isa = PBXFrameworksBuildPhase;
			buildActionMask = 2147483647;
			files = (
			);
			runOnlyForDeploymentPostprocessing = 0;
		};
/* End PBXFrameworksBuildPhase section */

/* Begin PBXGroup section */
		113FCA2BC738836F15463C84 /* Pods */ = {
			isa = PBXGroup;
			children = (
				A464A7F858C71844965A820F /* Pods-StudentBook.debug.xcconfig */,
				3E49A5BBEEF311096BFE843A /* Pods-StudentBook.release.xcconfig */,
			);
			name = Pods;
			sourceTree = "<group>";
		};
		A7C3875D971F9E63BF81947B /* Frameworks */ = {
			isa = PBXGroup;
			children = (
				05523ED42557DDF156AA2CB8 /* Pods_StudentBook.framework */,
			);
			name = Frameworks;
			sourceTree = "<group>";
		};
		D804CB871BF8EB3B00B8C659 = {
			isa = PBXGroup;
			children = (
				D804CB921BF8EB3B00B8C659 /* StudentBook */,
				D804CBA41BF8EB3B00B8C659 /* StudentBookTests */,
				D804CB911BF8EB3B00B8C659 /* Products */,
				113FCA2BC738836F15463C84 /* Pods */,
				A7C3875D971F9E63BF81947B /* Frameworks */,
			);
			sourceTree = "<group>";
		};
		D804CB911BF8EB3B00B8C659 /* Products */ = {
			isa = PBXGroup;
			children = (
				D804CB901BF8EB3B00B8C659 /* StudentBook.app */,
				D804CBA11BF8EB3B00B8C659 /* StudentBookTests.xctest */,
			);
			name = Products;
			sourceTree = "<group>";
		};
		D804CB921BF8EB3B00B8C659 /* StudentBook */ = {
			isa = PBXGroup;
			children = (
				D80782571C04E59D007344CA /* View Families */,
				D87F56261BF915B400491092 /* Model */,
				D888C0F11BF8F47D0089DD55 /* Extensions */,
				D888C0F21BF8F4880089DD55 /* Controllers */,
				D888C0F31BF8F48E0089DD55 /* View Controllers */,
				D888C0F41BF8F4960089DD55 /* Supporting Files */,
			);
			path = StudentBook;
			sourceTree = "<group>";
		};
		D804CBA41BF8EB3B00B8C659 /* StudentBookTests */ = {
			isa = PBXGroup;
			children = (
				D804CBA51BF8EB3B00B8C659 /* StudentBookTests.swift */,
				D804CBA71BF8EB3B00B8C659 /* Info.plist */,
			);
			path = StudentBookTests;
			sourceTree = "<group>";
		};
		D80782571C04E59D007344CA /* View Families */ = {
			isa = PBXGroup;
			children = (
				D85C8D231C04FDFD00F3F993 /* Main */,
			);
			name = "View Families";
			sourceTree = "<group>";
		};
		D85C8D231C04FDFD00F3F993 /* Main */ = {
			isa = PBXGroup;
			children = (
				D85C8D381C05111F00F3F993 /* Controllers */,
				D85C8D3A1C05112E00F3F993 /* XIBs */,
			);
			name = Main;
			sourceTree = "<group>";
		};
		D85C8D381C05111F00F3F993 /* Controllers */ = {
			isa = PBXGroup;
			children = (
				D85C8D2C1C050A1800F3F993 /* MainContainerSplitViewController.swift */,
				D85C8D151C04F3B400F3F993 /* MainWindowController.swift */,
				D881141A1C06210B00C6E10C /* Main */,
				D88114181C0620FC00C6E10C /* Sidebar */,
			);
			name = Controllers;
			sourceTree = "<group>";
		};
		D85C8D3A1C05112E00F3F993 /* XIBs */ = {
			isa = PBXGroup;
			children = (
				D85C8D2D1C050A1800F3F993 /* MainContainerSplitViewController.xib */,
				D85C8D161C04F3B400F3F993 /* MainWindowController.xib */,
				D881141B1C06211500C6E10C /* Main */,
				D88114191C06210200C6E10C /* Sidebar */,
			);
			name = XIBs;
			sourceTree = "<group>";
		};
		D87F56261BF915B400491092 /* Model */ = {
			isa = PBXGroup;
			children = (
				D87F562D1BF916A500491092 /* StudentBody.swift */,
				D87F56271BF915C500491092 /* Student.swift */,
				D87F56291BF915DB00491092 /* ScheduleItem.swift */,
			);
			name = Model;
			sourceTree = "<group>";
		};
		D88114181C0620FC00C6E10C /* Sidebar */ = {
			isa = PBXGroup;
			children = (
				D85C8D301C050E5200F3F993 /* SidebarViewController.swift */,
				D85C8D281C05061800F3F993 /* StudentsTableViewViewController.swift */,
				D852A0D41C05157600C4720C /* StudentsTableViewDelegate.swift */,
				D852A0D21C05154100C4720C /* StudentsTableViewDataSource.swift */,
				D852A0DC1C0527FF00C4720C /* StudentsTableViewRow.swift */,
			);
			name = Sidebar;
			sourceTree = "<group>";
		};
		D88114191C06210200C6E10C /* Sidebar */ = {
			isa = PBXGroup;
			children = (
				D85C8D311C050E5200F3F993 /* SidebarViewController.xib */,
				D85C8D291C05061800F3F993 /* StudentsTableViewViewController.xib */,
				D852A0DD1C0527FF00C4720C /* StudentsTableViewRow.xib */,
			);
			name = Sidebar;
			sourceTree = "<group>";
		};
		D881141A1C06210B00C6E10C /* Main */ = {
			isa = PBXGroup;
			children = (
				D85C8D341C050EEA00F3F993 /* MainViewController.swift */,
				D8437E201C064B6600EF7DBA /* StudentHeaderView.swift */,
				D8437E241C064B9500EF7DBA /* StudentPeriodSummaryView.swift */,
				D8437E281C064BA500EF7DBA /* StudentPeriodSummaryBlock.swift */,
			);
			name = Main;
			sourceTree = "<group>";
		};
		D881141B1C06211500C6E10C /* Main */ = {
			isa = PBXGroup;
			children = (
				D85C8D351C050EEA00F3F993 /* MainViewController.xib */,
				D8437E211C064B6600EF7DBA /* StudentHeaderView.xib */,
				D8437E251C064B9500EF7DBA /* StudentPeriodSummaryView.xib */,
				D8437E291C064BA500EF7DBA /* StudentPeriodSummaryBlock.xib */,
			);
			name = Main;
			sourceTree = "<group>";
		};
		D886DFFB1BF8F83D00D9648D /* CSV */ = {
			isa = PBXGroup;
			children = (
				D886DFF91BF8F82B00D9648D /* CSVReader.swift */,
				D886DFF71BF8F6A100D9648D /* StreamReader.swift */,
			);
			name = CSV;
			sourceTree = "<group>";
		};
		D888C0F11BF8F47D0089DD55 /* Extensions */ = {
			isa = PBXGroup;
			children = (
				D888C0EF1BF8F3240089DD55 /* DarkNSWindowController.swift */,
				D87F562F1BF9189F00491092 /* threading.swift */,
				D85C8D241C0504A400F3F993 /* NSView.swift */,
				D88114201C06221F00C6E10C /* NSLabel.swift */,
				D8437E2C1C06538000EF7DBA /* String.swift */,
			);
			name = Extensions;
			sourceTree = "<group>";
		};
		D888C0F21BF8F4880089DD55 /* Controllers */ = {
			isa = PBXGroup;
			children = (
				D804CB931BF8EB3B00B8C659 /* AppDelegate.swift */,
				D886DFFE1BF910AA00D9648D /* AppRequestDelegate.swift */,
				D886DFFB1BF8F83D00D9648D /* CSV */,
				D87F56311BF924EE00491092 /* SBNotifications.swift */,
				D88114161C052FEB00C6E10C /* SBDataSilo.swift */,
			);
			name = Controllers;
			sourceTree = "<group>";
		};
		D888C0F31BF8F48E0089DD55 /* View Controllers */ = {
			isa = PBXGroup;
			children = (
				D804CB951BF8EB3B00B8C659 /* ViewController.swift */,
			);
			name = "View Controllers";
			sourceTree = "<group>";
		};
		D888C0F41BF8F4960089DD55 /* Supporting Files */ = {
			isa = PBXGroup;
			children = (
				D804CB971BF8EB3B00B8C659 /* Assets.xcassets */,
				D804CB991BF8EB3B00B8C659 /* Main.storyboard */,
				D804CB9C1BF8EB3B00B8C659 /* Info.plist */,
			);
			name = "Supporting Files";
			sourceTree = "<group>";
		};
/* End PBXGroup section */

/* Begin PBXNativeTarget section */
		D804CB8F1BF8EB3B00B8C659 /* StudentBook */ = {
			isa = PBXNativeTarget;
			buildConfigurationList = D804CBAA1BF8EB3B00B8C659 /* Build configuration list for PBXNativeTarget "StudentBook" */;
			buildPhases = (
				8B2D65477D98CD4AECAA62BE /* Check Pods Manifest.lock */,
				D804CB8C1BF8EB3B00B8C659 /* Sources */,
				D804CB8D1BF8EB3B00B8C659 /* Frameworks */,
				D804CB8E1BF8EB3B00B8C659 /* Resources */,
				426824724BEA770BDB020590 /* Embed Pods Frameworks */,
				8B9A692B9963D3FCAE32D11D /* Copy Pods Resources */,
			);
			buildRules = (
			);
			dependencies = (
			);
			name = StudentBook;
			productName = StudentBook;
			productReference = D804CB901BF8EB3B00B8C659 /* StudentBook.app */;
			productType = "com.apple.product-type.application";
		};
		D804CBA01BF8EB3B00B8C659 /* StudentBookTests */ = {
			isa = PBXNativeTarget;
			buildConfigurationList = D804CBAD1BF8EB3B00B8C659 /* Build configuration list for PBXNativeTarget "StudentBookTests" */;
			buildPhases = (
				D804CB9D1BF8EB3B00B8C659 /* Sources */,
				D804CB9E1BF8EB3B00B8C659 /* Frameworks */,
				D804CB9F1BF8EB3B00B8C659 /* Resources */,
			);
			buildRules = (
			);
			dependencies = (
				D804CBA31BF8EB3B00B8C659 /* PBXTargetDependency */,
			);
			name = StudentBookTests;
			productName = StudentBookTests;
			productReference = D804CBA11BF8EB3B00B8C659 /* StudentBookTests.xctest */;
			productType = "com.apple.product-type.bundle.unit-test";
		};
/* End PBXNativeTarget section */

/* Begin PBXProject section */
		D804CB881BF8EB3B00B8C659 /* Project object */ = {
			isa = PBXProject;
			attributes = {
				LastSwiftUpdateCheck = 0710;
				LastUpgradeCheck = 0710;
				ORGANIZATIONNAME = "Sahand Nayebaziz";
				TargetAttributes = {
					D804CB8F1BF8EB3B00B8C659 = {
						CreatedOnToolsVersion = 7.1.1;
					};
					D804CBA01BF8EB3B00B8C659 = {
						CreatedOnToolsVersion = 7.1.1;
						TestTargetID = D804CB8F1BF8EB3B00B8C659;
					};
				};
			};
			buildConfigurationList = D804CB8B1BF8EB3B00B8C659 /* Build configuration list for PBXProject "StudentBook" */;
			compatibilityVersion = "Xcode 3.2";
			developmentRegion = English;
			hasScannedForEncodings = 0;
			knownRegions = (
				en,
				Base,
			);
			mainGroup = D804CB871BF8EB3B00B8C659;
			productRefGroup = D804CB911BF8EB3B00B8C659 /* Products */;
			projectDirPath = "";
			projectRoot = "";
			targets = (
				D804CB8F1BF8EB3B00B8C659 /* StudentBook */,
				D804CBA01BF8EB3B00B8C659 /* StudentBookTests */,
			);
		};
/* End PBXProject section */

/* Begin PBXResourcesBuildPhase section */
		D804CB8E1BF8EB3B00B8C659 /* Resources */ = {
			isa = PBXResourcesBuildPhase;
			buildActionMask = 2147483647;
			files = (
				D8437E271C064B9500EF7DBA /* StudentPeriodSummaryView.xib in Resources */,
				D85C8D2F1C050A1800F3F993 /* MainContainerSplitViewController.xib in Resources */,
				D804CB981BF8EB3B00B8C659 /* Assets.xcassets in Resources */,
				D85C8D2B1C05061800F3F993 /* StudentsTableViewViewController.xib in Resources */,
				D804CB9B1BF8EB3B00B8C659 /* Main.storyboard in Resources */,
				D8437E231C064B6600EF7DBA /* StudentHeaderView.xib in Resources */,
				D85C8D181C04F3B400F3F993 /* MainWindowController.xib in Resources */,
				D85C8D371C050EEA00F3F993 /* MainViewController.xib in Resources */,
				D852A0DF1C0527FF00C4720C /* StudentsTableViewRow.xib in Resources */,
				D85C8D331C050E5200F3F993 /* SidebarViewController.xib in Resources */,
				D8437E2B1C064BA500EF7DBA /* StudentPeriodSummaryBlock.xib in Resources */,
			);
			runOnlyForDeploymentPostprocessing = 0;
		};
		D804CB9F1BF8EB3B00B8C659 /* Resources */ = {
			isa = PBXResourcesBuildPhase;
			buildActionMask = 2147483647;
			files = (
			);
			runOnlyForDeploymentPostprocessing = 0;
		};
/* End PBXResourcesBuildPhase section */

/* Begin PBXShellScriptBuildPhase section */
		426824724BEA770BDB020590 /* Embed Pods Frameworks */ = {
			isa = PBXShellScriptBuildPhase;
			buildActionMask = 2147483647;
			files = (
			);
			inputPaths = (
			);
			name = "Embed Pods Frameworks";
			outputPaths = (
			);
			runOnlyForDeploymentPostprocessing = 0;
			shellPath = /bin/sh;
			shellScript = "\"${SRCROOT}/Pods/Target Support Files/Pods-StudentBook/Pods-StudentBook-frameworks.sh\"\n";
			showEnvVarsInLog = 0;
		};
		8B2D65477D98CD4AECAA62BE /* Check Pods Manifest.lock */ = {
			isa = PBXShellScriptBuildPhase;
			buildActionMask = 2147483647;
			files = (
			);
			inputPaths = (
			);
			name = "Check Pods Manifest.lock";
			outputPaths = (
			);
			runOnlyForDeploymentPostprocessing = 0;
			shellPath = /bin/sh;
			shellScript = "diff \"${PODS_ROOT}/../Podfile.lock\" \"${PODS_ROOT}/Manifest.lock\" > /dev/null\nif [[ $? != 0 ]] ; then\n    cat << EOM\nerror: The sandbox is not in sync with the Podfile.lock. Run 'pod install' or update your CocoaPods installation.\nEOM\n    exit 1\nfi\n";
			showEnvVarsInLog = 0;
		};
		8B9A692B9963D3FCAE32D11D /* Copy Pods Resources */ = {
			isa = PBXShellScriptBuildPhase;
			buildActionMask = 2147483647;
			files = (
			);
			inputPaths = (
			);
			name = "Copy Pods Resources";
			outputPaths = (
			);
			runOnlyForDeploymentPostprocessing = 0;
			shellPath = /bin/sh;
			shellScript = "\"${SRCROOT}/Pods/Target Support Files/Pods-StudentBook/Pods-StudentBook-resources.sh\"\n";
			showEnvVarsInLog = 0;
		};
/* End PBXShellScriptBuildPhase section */

/* Begin PBXSourcesBuildPhase section */
		D804CB8C1BF8EB3B00B8C659 /* Sources */ = {
			isa = PBXSourcesBuildPhase;
			buildActionMask = 2147483647;
			files = (
				D87F56321BF924EE00491092 /* SBNotifications.swift in Sources */,
				D85C8D2E1C050A1800F3F993 /* MainContainerSplitViewController.swift in Sources */,
				D886DFF81BF8F6A100D9648D /* StreamReader.swift in Sources */,
				D88114211C06221F00C6E10C /* NSLabel.swift in Sources */,
				D85C8D171C04F3B400F3F993 /* MainWindowController.swift in Sources */,
				D888C0F01BF8F3240089DD55 /* DarkNSWindowController.swift in Sources */,
				D886DFFF1BF910AA00D9648D /* AppRequestDelegate.swift in Sources */,
				D852A0D51C05157600C4720C /* StudentsTableViewDelegate.swift in Sources */,
				D886DFFA1BF8F82B00D9648D /* CSVReader.swift in Sources */,
				D85C8D361C050EEA00F3F993 /* MainViewController.swift in Sources */,
				D852A0D31C05154100C4720C /* StudentsTableViewDataSource.swift in Sources */,
				D88114171C052FEB00C6E10C /* SBDataSilo.swift in Sources */,
				D8437E261C064B9500EF7DBA /* StudentPeriodSummaryView.swift in Sources */,
				D85C8D251C0504A400F3F993 /* NSView.swift in Sources */,
				D8437E2D1C06538000EF7DBA /* String.swift in Sources */,
				D85C8D2A1C05061800F3F993 /* StudentsTableViewViewController.swift in Sources */,
				D8437E2A1C064BA500EF7DBA /* StudentPeriodSummaryBlock.swift in Sources */,
				D87F56301BF9189F00491092 /* threading.swift in Sources */,
				D87F562A1BF915DB00491092 /* ScheduleItem.swift in Sources */,
				D852A0DE1C0527FF00C4720C /* StudentsTableViewRow.swift in Sources */,
				D804CB961BF8EB3B00B8C659 /* ViewController.swift in Sources */,
				D87F56281BF915C500491092 /* Student.swift in Sources */,
				D87F562E1BF916A500491092 /* StudentBody.swift in Sources */,
				D804CB941BF8EB3B00B8C659 /* AppDelegate.swift in Sources */,
				D8437E221C064B6600EF7DBA /* StudentHeaderView.swift in Sources */,
				D85C8D321C050E5200F3F993 /* SidebarViewController.swift in Sources */,
			);
			runOnlyForDeploymentPostprocessing = 0;
		};
		D804CB9D1BF8EB3B00B8C659 /* Sources */ = {
			isa = PBXSourcesBuildPhase;
			buildActionMask = 2147483647;
			files = (
				D804CBA61BF8EB3B00B8C659 /* StudentBookTests.swift in Sources */,
			);
			runOnlyForDeploymentPostprocessing = 0;
		};
/* End PBXSourcesBuildPhase section */

/* Begin PBXTargetDependency section */
		D804CBA31BF8EB3B00B8C659 /* PBXTargetDependency */ = {
			isa = PBXTargetDependency;
			target = D804CB8F1BF8EB3B00B8C659 /* StudentBook */;
			targetProxy = D804CBA21BF8EB3B00B8C659 /* PBXContainerItemProxy */;
		};
/* End PBXTargetDependency section */

/* Begin PBXVariantGroup section */
		D804CB991BF8EB3B00B8C659 /* Main.storyboard */ = {
			isa = PBXVariantGroup;
			children = (
				D804CB9A1BF8EB3B00B8C659 /* Base */,
			);
			name = Main.storyboard;
			sourceTree = "<group>";
		};
/* End PBXVariantGroup section */

/* Begin XCBuildConfiguration section */
		D804CBA81BF8EB3B00B8C659 /* Debug */ = {
			isa = XCBuildConfiguration;
			buildSettings = {
				ALWAYS_SEARCH_USER_PATHS = NO;
				CLANG_CXX_LANGUAGE_STANDARD = "gnu++0x";
				CLANG_CXX_LIBRARY = "libc++";
				CLANG_ENABLE_MODULES = YES;
				CLANG_ENABLE_OBJC_ARC = YES;
				CLANG_WARN_BOOL_CONVERSION = YES;
				CLANG_WARN_CONSTANT_CONVERSION = YES;
				CLANG_WARN_DIRECT_OBJC_ISA_USAGE = YES_ERROR;
				CLANG_WARN_EMPTY_BODY = YES;
				CLANG_WARN_ENUM_CONVERSION = YES;
				CLANG_WARN_INT_CONVERSION = YES;
				CLANG_WARN_OBJC_ROOT_CLASS = YES_ERROR;
				CLANG_WARN_UNREACHABLE_CODE = YES;
				CLANG_WARN__DUPLICATE_METHOD_MATCH = YES;
				CODE_SIGN_IDENTITY = "-";
				COPY_PHASE_STRIP = NO;
				DEBUG_INFORMATION_FORMAT = dwarf;
				ENABLE_STRICT_OBJC_MSGSEND = YES;
				ENABLE_TESTABILITY = YES;
				GCC_C_LANGUAGE_STANDARD = gnu99;
				GCC_DYNAMIC_NO_PIC = NO;
				GCC_NO_COMMON_BLOCKS = YES;
				GCC_OPTIMIZATION_LEVEL = 0;
				GCC_PREPROCESSOR_DEFINITIONS = (
					"DEBUG=1",
					"$(inherited)",
				);
				GCC_WARN_64_TO_32_BIT_CONVERSION = YES;
				GCC_WARN_ABOUT_RETURN_TYPE = YES_ERROR;
				GCC_WARN_UNDECLARED_SELECTOR = YES;
				GCC_WARN_UNINITIALIZED_AUTOS = YES_AGGRESSIVE;
				GCC_WARN_UNUSED_FUNCTION = YES;
				GCC_WARN_UNUSED_VARIABLE = YES;
				MACOSX_DEPLOYMENT_TARGET = 10.11;
				MTL_ENABLE_DEBUG_INFO = YES;
				ONLY_ACTIVE_ARCH = YES;
				SDKROOT = macosx;
				SWIFT_OPTIMIZATION_LEVEL = "-Onone";
			};
			name = Debug;
		};
		D804CBA91BF8EB3B00B8C659 /* Release */ = {
			isa = XCBuildConfiguration;
			buildSettings = {
				ALWAYS_SEARCH_USER_PATHS = NO;
				CLANG_CXX_LANGUAGE_STANDARD = "gnu++0x";
				CLANG_CXX_LIBRARY = "libc++";
				CLANG_ENABLE_MODULES = YES;
				CLANG_ENABLE_OBJC_ARC = YES;
				CLANG_WARN_BOOL_CONVERSION = YES;
				CLANG_WARN_CONSTANT_CONVERSION = YES;
				CLANG_WARN_DIRECT_OBJC_ISA_USAGE = YES_ERROR;
				CLANG_WARN_EMPTY_BODY = YES;
				CLANG_WARN_ENUM_CONVERSION = YES;
				CLANG_WARN_INT_CONVERSION = YES;
				CLANG_WARN_OBJC_ROOT_CLASS = YES_ERROR;
				CLANG_WARN_UNREACHABLE_CODE = YES;
				CLANG_WARN__DUPLICATE_METHOD_MATCH = YES;
				CODE_SIGN_IDENTITY = "-";
				COPY_PHASE_STRIP = NO;
				DEBUG_INFORMATION_FORMAT = "dwarf-with-dsym";
				ENABLE_NS_ASSERTIONS = NO;
				ENABLE_STRICT_OBJC_MSGSEND = YES;
				GCC_C_LANGUAGE_STANDARD = gnu99;
				GCC_NO_COMMON_BLOCKS = YES;
				GCC_WARN_64_TO_32_BIT_CONVERSION = YES;
				GCC_WARN_ABOUT_RETURN_TYPE = YES_ERROR;
				GCC_WARN_UNDECLARED_SELECTOR = YES;
				GCC_WARN_UNINITIALIZED_AUTOS = YES_AGGRESSIVE;
				GCC_WARN_UNUSED_FUNCTION = YES;
				GCC_WARN_UNUSED_VARIABLE = YES;
				MACOSX_DEPLOYMENT_TARGET = 10.11;
				MTL_ENABLE_DEBUG_INFO = NO;
				SDKROOT = macosx;
			};
			name = Release;
		};
		D804CBAB1BF8EB3B00B8C659 /* Debug */ = {
			isa = XCBuildConfiguration;
			baseConfigurationReference = A464A7F858C71844965A820F /* Pods-StudentBook.debug.xcconfig */;
			buildSettings = {
				ASSETCATALOG_COMPILER_APPICON_NAME = AppIcon;
				COMBINE_HIDPI_IMAGES = YES;
				INFOPLIST_FILE = StudentBook/Info.plist;
				LD_RUNPATH_SEARCH_PATHS = "$(inherited) @executable_path/../Frameworks";
				MACOSX_DEPLOYMENT_TARGET = 10.11;
				PRODUCT_BUNDLE_IDENTIFIER = me.sahand.StudentBook;
				PRODUCT_NAME = "$(TARGET_NAME)";
			};
			name = Debug;
		};
		D804CBAC1BF8EB3B00B8C659 /* Release */ = {
			isa = XCBuildConfiguration;
			baseConfigurationReference = 3E49A5BBEEF311096BFE843A /* Pods-StudentBook.release.xcconfig */;
			buildSettings = {
				ASSETCATALOG_COMPILER_APPICON_NAME = AppIcon;
				COMBINE_HIDPI_IMAGES = YES;
				INFOPLIST_FILE = StudentBook/Info.plist;
				LD_RUNPATH_SEARCH_PATHS = "$(inherited) @executable_path/../Frameworks";
				MACOSX_DEPLOYMENT_TARGET = 10.11;
				PRODUCT_BUNDLE_IDENTIFIER = me.sahand.StudentBook;
				PRODUCT_NAME = "$(TARGET_NAME)";
			};
			name = Release;
		};
		D804CBAE1BF8EB3B00B8C659 /* Debug */ = {
			isa = XCBuildConfiguration;
			buildSettings = {
				BUNDLE_LOADER = "$(TEST_HOST)";
				COMBINE_HIDPI_IMAGES = YES;
				INFOPLIST_FILE = StudentBookTests/Info.plist;
				LD_RUNPATH_SEARCH_PATHS = "$(inherited) @executable_path/../Frameworks @loader_path/../Frameworks";
				PRODUCT_BUNDLE_IDENTIFIER = me.sahand.StudentBookTests;
				PRODUCT_NAME = "$(TARGET_NAME)";
				TEST_HOST = "$(BUILT_PRODUCTS_DIR)/StudentBook.app/Contents/MacOS/StudentBook";
			};
			name = Debug;
		};
		D804CBAF1BF8EB3B00B8C659 /* Release */ = {
			isa = XCBuildConfiguration;
			buildSettings = {
				BUNDLE_LOADER = "$(TEST_HOST)";
				COMBINE_HIDPI_IMAGES = YES;
				INFOPLIST_FILE = StudentBookTests/Info.plist;
				LD_RUNPATH_SEARCH_PATHS = "$(inherited) @executable_path/../Frameworks @loader_path/../Frameworks";
				PRODUCT_BUNDLE_IDENTIFIER = me.sahand.StudentBookTests;
				PRODUCT_NAME = "$(TARGET_NAME)";
				TEST_HOST = "$(BUILT_PRODUCTS_DIR)/StudentBook.app/Contents/MacOS/StudentBook";
			};
			name = Release;
		};
/* End XCBuildConfiguration section */

/* Begin XCConfigurationList section */
		D804CB8B1BF8EB3B00B8C659 /* Build configuration list for PBXProject "StudentBook" */ = {
			isa = XCConfigurationList;
			buildConfigurations = (
				D804CBA81BF8EB3B00B8C659 /* Debug */,
				D804CBA91BF8EB3B00B8C659 /* Release */,
			);
			defaultConfigurationIsVisible = 0;
			defaultConfigurationName = Release;
		};
		D804CBAA1BF8EB3B00B8C659 /* Build configuration list for PBXNativeTarget "StudentBook" */ = {
			isa = XCConfigurationList;
			buildConfigurations = (
				D804CBAB1BF8EB3B00B8C659 /* Debug */,
				D804CBAC1BF8EB3B00B8C659 /* Release */,
			);
			defaultConfigurationIsVisible = 0;
			defaultConfigurationName = Release;
		};
		D804CBAD1BF8EB3B00B8C659 /* Build configuration list for PBXNativeTarget "StudentBookTests" */ = {
			isa = XCConfigurationList;
			buildConfigurations = (
				D804CBAE1BF8EB3B00B8C659 /* Debug */,
				D804CBAF1BF8EB3B00B8C659 /* Release */,
			);
			defaultConfigurationIsVisible = 0;
			defaultConfigurationName = Release;
		};
/* End XCConfigurationList section */
	};
	rootObject = D804CB881BF8EB3B00B8C659 /* Project object */;
}
